<Solution>
  <Folder Name="/src/">
    <Project Path="src/SteamCloudTamper.Cli/SteamCloudTamper.Cli.csproj" />
    <Project Path="src/SteamCloudTamper.Core/SteamCloudTamper.Core.csproj" />
    <Project Path="src/SteamCloudTamper.Engines/SteamCloudTamper.Engines.csproj" />
  </Folder>
  <Folder Name="/tests/">
    <Project Path="tests/SteamCloudTamper.Core.Tests/SteamCloudTamper.Core.Tests.csproj" />
  </Folder>
</Solution>
